
Microsoft Visual Studio Solution File, Format Version 12.00
# Visual Studio Version 17
VisualStudioVersion = 17.7.34024.191
MinimumVisualStudioVersion = 10.0.40219.1
Project("{9A19103F-16F7-4668-BE54-9A1E7A4F7556}") = "PlaninarskiDnevnik", "PlaninarskiDnevnik.csproj", "{C6338B38-2314-4386-B94B-0454611E8650}"
EndProject
Global
	GlobalSection(SolutionConfigurationPlatforms) = preSolution
		Debug|Any CPU = Debug|Any CPU
		Release|Any CPU = Release|Any CPU
	EndGlobalSection
	GlobalSection(ProjectConfigurationPlatforms) = postSolution
		{C6338B38-2314-4386-B94B-0454611E8650}.Debug|Any CPU.ActiveCfg = Debug|Any CPU
		{C6338B38-2314-4386-B94B-0454611E8650}.Debug|Any CPU.Build.0 = Debug|Any CPU
		{C6338B38-2314-4386-B94B-0454611E8650}.Release|Any CPU.ActiveCfg = Release|Any CPU
		{C6338B38-2314-4386-B94B-0454611E8650}.Release|Any CPU.Build.0 = Release|Any CPU
	EndGlobalSection
	GlobalSection(SolutionProperties) = preSolution
		HideSolutionNode = FALSE
	EndGlobalSection
	GlobalSection(ExtensibilityGlobals) = postSolution
		SolutionGuid = {2EC9F8E7-D7FF-422B-A46C-EA60A47BAE23}
	EndGlobalSection
EndGlobal
